
Microsoft Visual Studio Solution File, Format Version 12.00
# Visual Studio Version 17
VisualStudioVersion = 17.7.34018.315
MinimumVisualStudioVersion = 10.0.40219.1
Project("{FAE04EC0-301F-11D3-BF4B-00C04F79EFBC}") = "A1_TicketingSystem_BJ2023", "A1_TicketingSystem_BJ2023.csproj", "{16AFFDF3-1465-4AB0-ABAA-7608FF9B886F}"
EndProject
Global
	GlobalSection(SolutionConfigurationPlatforms) = preSolution
		Debug|Any CPU = Debug|Any CPU
		Release|Any CPU = Release|Any CPU
	EndGlobalSection
	GlobalSection(ProjectConfigurationPlatforms) = postSolution
		{16AFFDF3-1465-4AB0-ABAA-7608FF9B886F}.Debug|Any CPU.ActiveCfg = Debug|Any CPU
		{16AFFDF3-1465-4AB0-ABAA-7608FF9B886F}.Debug|Any CPU.Build.0 = Debug|Any CPU
		{16AFFDF3-1465-4AB0-ABAA-7608FF9B886F}.Release|Any CPU.ActiveCfg = Release|Any CPU
		{16AFFDF3-1465-4AB0-ABAA-7608FF9B886F}.Release|Any CPU.Build.0 = Release|Any CPU
	EndGlobalSection
	GlobalSection(SolutionProperties) = preSolution
		HideSolutionNode = FALSE
	EndGlobalSection
	GlobalSection(ExtensibilityGlobals) = postSolution
		SolutionGuid = {3A533188-8940-4FE3-AA37-4F253528B83B}
	EndGlobalSection
EndGlobal
